// !$*UTF8*$!
{
	archiveVersion = 1;
	classes = {
	};
	objectVersion = 63;
	objects = {

/* Begin PBXBuildFile section */
		3404F3082C3F936D00FF0F41 /* AppDelegate.swift in Sources */ = {isa = PBXBuildFile; fileRef = 3404F3072C3F936D00FF0F41 /* AppDelegate.swift */; };
		3404F30A2C3F936D00FF0F41 /* SceneDelegate.swift in Sources */ = {isa = PBXBuildFile; fileRef = 3404F3092C3F936D00FF0F41 /* SceneDelegate.swift */; };
		3404F30C2C3F936D00FF0F41 /* ViewController.swift in Sources */ = {isa = PBXBuildFile; fileRef = 3404F30B2C3F936D00FF0F41 /* ViewController.swift */; };
		3404F30F2C3F936D00FF0F41 /* Base in Resources */ = {isa = PBXBuildFile; fileRef = 3404F30E2C3F936D00FF0F41 /* Base */; };
		3404F3112C3F936E00FF0F41 /* Assets.xcassets in Resources */ = {isa = PBXBuildFile; fileRef = 3404F3102C3F936E00FF0F41 /* Assets.xcassets */; };
		3404F3142C3F936E00FF0F41 /* Base in Resources */ = {isa = PBXBuildFile; fileRef = 3404F3132C3F936E00FF0F41 /* Base */; };
		3408D4992C5FD6060072C4E4 /* UpdateProfileProViewController.swift in Sources */ = {isa = PBXBuildFile; fileRef = 3408D4982C5FD6060072C4E4 /* UpdateProfileProViewController.swift */; };
		341748302C58F9610015AF5E /* SpaLocationVc.swift in Sources */ = {isa = PBXBuildFile; fileRef = 3417482F2C58F9610015AF5E /* SpaLocationVc.swift */; };
		34186AB72CB39FF900717E47 /* Address.storyboard in Resources */ = {isa = PBXBuildFile; fileRef = 34186AB62CB39FF900717E47 /* Address.storyboard */; };
		34186ABD2CB3A16E00717E47 /* MyLocationVc.swift in Sources */ = {isa = PBXBuildFile; fileRef = 34186ABC2CB3A16E00717E47 /* MyLocationVc.swift */; };
		34186ABF2CB3A25200717E47 /* LocationApiRequest.swift in Sources */ = {isa = PBXBuildFile; fileRef = 34186ABE2CB3A25200717E47 /* LocationApiRequest.swift */; };
		34186AC12CB3A52100717E47 /* MapsViewController.swift in Sources */ = {isa = PBXBuildFile; fileRef = 34186AC02CB3A52100717E47 /* MapsViewController.swift */; };
		34186AC62CB3A58300717E47 /* GoogleApiHelper+Nearby.swift in Sources */ = {isa = PBXBuildFile; fileRef = 34186AC32CB3A58300717E47 /* GoogleApiHelper+Nearby.swift */; };
		34186AC72CB3A58300717E47 /* NearByEnum.swift in Sources */ = {isa = PBXBuildFile; fileRef = 34186AC42CB3A58300717E47 /* NearByEnum.swift */; };
		34186AC82CB3A58300717E47 /* GoogleApiHelper.swift in Sources */ = {isa = PBXBuildFile; fileRef = 34186AC22CB3A58300717E47 /* GoogleApiHelper.swift */; };
		34186ACA2CB3A61900717E47 /* EditAddressVc.swift in Sources */ = {isa = PBXBuildFile; fileRef = 34186AC92CB3A61900717E47 /* EditAddressVc.swift */; };
		342BB9052CB53DA0009E069E /* BookAppointmentRequest.swift in Sources */ = {isa = PBXBuildFile; fileRef = 342BB9042CB53DA0009E069E /* BookAppointmentRequest.swift */; };
		343813C02C69D928003B4B30 /* ProductCategories.swift in Sources */ = {isa = PBXBuildFile; fileRef = 343813BF2C69D928003B4B30 /* ProductCategories.swift */; };
		343813C22C69E420003B4B30 /* HomeCell.swift in Sources */ = {isa = PBXBuildFile; fileRef = 343813C12C69E420003B4B30 /* HomeCell.swift */; };
		3438E90B2C609DE4005BFC03 /* CreateSchedule.swift in Sources */ = {isa = PBXBuildFile; fileRef = 3438E90A2C609DE4005BFC03 /* CreateSchedule.swift */; };
		3438E90D2C60A5C4005BFC03 /* UpdateProfessionalProfile.swift in Sources */ = {isa = PBXBuildFile; fileRef = 3438E90C2C60A5C4005BFC03 /* UpdateProfessionalProfile.swift */; };
		34498CF12C463DB900F541DB /* CreateAccountController.swift in Sources */ = {isa = PBXBuildFile; fileRef = 34498CF02C463DB900F541DB /* CreateAccountController.swift */; };
		34498CF32C463F1C00F541DB /* VerifiyController.swift in Sources */ = {isa = PBXBuildFile; fileRef = 34498CF22C463F1C00F541DB /* VerifiyController.swift */; };
		344B96532CABD2830022F502 /* SelectProfessionalVc.swift in Sources */ = {isa = PBXBuildFile; fileRef = 344B96522CABD2830022F502 /* SelectProfessionalVc.swift */; };
		344B96552CABD53F0022F502 /* SelectProTableViewCell.swift in Sources */ = {isa = PBXBuildFile; fileRef = 344B96542CABD53F0022F502 /* SelectProTableViewCell.swift */; };
		344B96572CABDC950022F502 /* Services.storyboard in Resources */ = {isa = PBXBuildFile; fileRef = 344B96562CABDC950022F502 /* Services.storyboard */; };
		344B96592CABEF9D0022F502 /* SelectProfessionalListVc.swift in Sources */ = {isa = PBXBuildFile; fileRef = 344B96582CABEF9D0022F502 /* SelectProfessionalListVc.swift */; };
		344B965B2CABF93C0022F502 /* AvailableDatesRequest.swift in Sources */ = {isa = PBXBuildFile; fileRef = 344B965A2CABF93C0022F502 /* AvailableDatesRequest.swift */; };
		344E0C6C2CA12A0000D32AB6 /* UserProduct.storyboard in Resources */ = {isa = PBXBuildFile; fileRef = 344E0C6B2CA12A0000D32AB6 /* UserProduct.storyboard */; };
		344E0C702CA1341500D32AB6 /* MyOrderVc.swift in Sources */ = {isa = PBXBuildFile; fileRef = 344E0C6F2CA1341500D32AB6 /* MyOrderVc.swift */; };
		345001FB2C776DF2001A2A0D /* ProGetProductAPI.swift in Sources */ = {isa = PBXBuildFile; fileRef = 345001FA2C776DF2001A2A0D /* ProGetProductAPI.swift */; };
		3460D6FC2C9D43800076C4C2 /* MyCartCell.swift in Sources */ = {isa = PBXBuildFile; fileRef = 3460D6FB2C9D43800076C4C2 /* MyCartCell.swift */; };
		3460D7002C9D9B3F0076C4C2 /* UserNotificationViewController.swift in Sources */ = {isa = PBXBuildFile; fileRef = 3460D6FF2C9D9B3F0076C4C2 /* UserNotificationViewController.swift */; };
		3498173F2C7C860100219379 /* ProductDetailsViewController.swift in Sources */ = {isa = PBXBuildFile; fileRef = 3498173E2C7C860100219379 /* ProductDetailsViewController.swift */; };
		34ADB3112CB6419600523217 /* GetOrderListRequest.swift in Sources */ = {isa = PBXBuildFile; fileRef = 34ADB3102CB6419600523217 /* GetOrderListRequest.swift */; };
		34ADB3132CB66E9600523217 /* AlertViewController.swift in Sources */ = {isa = PBXBuildFile; fileRef = 34ADB3122CB66E9600523217 /* AlertViewController.swift */; };
		34B4CD8E2C48D4C8006B9F1F /* TabBarUserVc.swift in Sources */ = {isa = PBXBuildFile; fileRef = 34B4CD8D2C48D4C8006B9F1F /* TabBarUserVc.swift */; };
		34B4CD902C48D512006B9F1F /* HomeUserViewController.swift in Sources */ = {isa = PBXBuildFile; fileRef = 34B4CD8F2C48D512006B9F1F /* HomeUserViewController.swift */; };
		34B4CD922C48D571006B9F1F /* CartUserViewController.swift in Sources */ = {isa = PBXBuildFile; fileRef = 34B4CD912C48D571006B9F1F /* CartUserViewController.swift */; };
		34B4CD942C48D596006B9F1F /* HistoryUserViewController.swift in Sources */ = {isa = PBXBuildFile; fileRef = 34B4CD932C48D596006B9F1F /* HistoryUserViewController.swift */; };
		34B4CD962C48D5AE006B9F1F /* ProfileUserViewController.swift in Sources */ = {isa = PBXBuildFile; fileRef = 34B4CD952C48D5AE006B9F1F /* ProfileUserViewController.swift */; };
		34B4CD982C48D5D1006B9F1F /* User.storyboard in Resources */ = {isa = PBXBuildFile; fileRef = 34B4CD972C48D5D1006B9F1F /* User.storyboard */; };
		34B4CD9A2C48D855006B9F1F /* MenuUserController.swift in Sources */ = {isa = PBXBuildFile; fileRef = 34B4CD992C48D855006B9F1F /* MenuUserController.swift */; };
		34B6D7AD2C44E7080008FC81 /* LoginRequest.swift in Sources */ = {isa = PBXBuildFile; fileRef = 34B6D7AC2C44E7080008FC81 /* LoginRequest.swift */; };
		34B6D7AF2C44E7680008FC81 /* AlamofireRequest.swift in Sources */ = {isa = PBXBuildFile; fileRef = 34B6D7AE2C44E7680008FC81 /* AlamofireRequest.swift */; };
		34B6D7B12C44FAD30008FC81 /* SetPasswordRequest.swift in Sources */ = {isa = PBXBuildFile; fileRef = 34B6D7B02C44FAD30008FC81 /* SetPasswordRequest.swift */; };
		34B905612C984FC000E81DFC /* AddProductCartAPI.swift in Sources */ = {isa = PBXBuildFile; fileRef = 34B905602C984FC000E81DFC /* AddProductCartAPI.swift */; };
		34BAC59D2C60B4670033D970 /* CreateTimeSlotsController.swift in Sources */ = {isa = PBXBuildFile; fileRef = 34BAC59C2C60B4670033D970 /* CreateTimeSlotsController.swift */; };
		34BB81852C622D630090581C /* MyServiceViewController.swift in Sources */ = {isa = PBXBuildFile; fileRef = 34BB81842C622D630090581C /* MyServiceViewController.swift */; };
		34BB81872C6230770090581C /* MyServiceAPI.swift in Sources */ = {isa = PBXBuildFile; fileRef = 34BB81862C6230770090581C /* MyServiceAPI.swift */; };
		34BE6DC12C622365000C4283 /* MenuProController.swift in Sources */ = {isa = PBXBuildFile; fileRef = 34BE6DC02C622365000C4283 /* MenuProController.swift */; };
		34C093EA2C9A9534001BBB40 /* GetProfessional.swift in Sources */ = {isa = PBXBuildFile; fileRef = 34C093E92C9A9534001BBB40 /* GetProfessional.swift */; };
		34C093EC2C9AA380001BBB40 /* ProfessionalServicesVc.swift in Sources */ = {isa = PBXBuildFile; fileRef = 34C093EB2C9AA37F001BBB40 /* ProfessionalServicesVc.swift */; };
		34C5A6BF2C5CD153007A79FD /* ServiceDetailImageCollection.swift in Sources */ = {isa = PBXBuildFile; fileRef = 34C5A6BE2C5CD153007A79FD /* ServiceDetailImageCollection.swift */; };
		34C5E2EF2C5B7AFF00F97C0C /* MoreCollection.swift in Sources */ = {isa = PBXBuildFile; fileRef = 34C5E2EE2C5B7AFF00F97C0C /* MoreCollection.swift */; };
		34C5E2F12C5B97F700F97C0C /* GetServiceListRequest.swift in Sources */ = {isa = PBXBuildFile; fileRef = 34C5E2F02C5B97F700F97C0C /* GetServiceListRequest.swift */; };
		34C5E2F32C5BA9A200F97C0C /* ServiceDetailViewController.swift in Sources */ = {isa = PBXBuildFile; fileRef = 34C5E2F22C5BA9A200F97C0C /* ServiceDetailViewController.swift */; };
		34C5E7802C6A32D900C5BE0A /* ProductListViewController.swift in Sources */ = {isa = PBXBuildFile; fileRef = 34C5E77F2C6A32D900C5BE0A /* ProductListViewController.swift */; };
		34C80D742C75B0C200FE9E02 /* ProProductListVc.swift in Sources */ = {isa = PBXBuildFile; fileRef = 34C80D732C75B0C200FE9E02 /* ProProductListVc.swift */; };
		34C80D762C75B0EC00FE9E02 /* ProAddProductVc.swift in Sources */ = {isa = PBXBuildFile; fileRef = 34C80D752C75B0EC00FE9E02 /* ProAddProductVc.swift */; };
		34CE92522C40E8E40007E086 /* Poppins-Medium.ttf in Resources */ = {isa = PBXBuildFile; fileRef = 34CE924E2C40E8E40007E086 /* Poppins-Medium.ttf */; };
		34CE92532C40E8E40007E086 /* Poppins-Regular.ttf in Resources */ = {isa = PBXBuildFile; fileRef = 34CE924F2C40E8E40007E086 /* Poppins-Regular.ttf */; };
		34CE92542C40E8E40007E086 /* Poppins-SemiBold.ttf in Resources */ = {isa = PBXBuildFile; fileRef = 34CE92502C40E8E40007E086 /* Poppins-SemiBold.ttf */; };
		34CE92552C40E8E40007E086 /* Poppins-Italic.ttf in Resources */ = {isa = PBXBuildFile; fileRef = 34CE92512C40E8E40007E086 /* Poppins-Italic.ttf */; };
		34CE92632C40EAE60007E086 /* UIViewXRadialGradient.swift in Sources */ = {isa = PBXBuildFile; fileRef = 34CE92572C40EAE60007E086 /* UIViewXRadialGradient.swift */; };
		34CE92642C40EAE60007E086 /* BaseViewController.swift in Sources */ = {isa = PBXBuildFile; fileRef = 34CE92582C40EAE60007E086 /* BaseViewController.swift */; };
		34CE92652C40EAE60007E086 /* UITextFieldX.swift in Sources */ = {isa = PBXBuildFile; fileRef = 34CE92592C40EAE60007E086 /* UITextFieldX.swift */; };
		34CE92662C40EAE60007E086 /* UIButtonX.swift in Sources */ = {isa = PBXBuildFile; fileRef = 34CE925A2C40EAE60007E086 /* UIButtonX.swift */; };
		34CE92672C40EAE60007E086 /* UILabelX.swift in Sources */ = {isa = PBXBuildFile; fileRef = 34CE925B2C40EAE60007E086 /* UILabelX.swift */; };
		34CE92682C40EAE60007E086 /* UIViewAnchorPoint.swift in Sources */ = {isa = PBXBuildFile; fileRef = 34CE925C2C40EAE60007E086 /* UIViewAnchorPoint.swift */; };
		34CE92692C40EAE60007E086 /* UIViewControllerX.swift in Sources */ = {isa = PBXBuildFile; fileRef = 34CE925D2C40EAE60007E086 /* UIViewControllerX.swift */; };
		34CE926A2C40EAE60007E086 /* UIImageViewX.swift in Sources */ = {isa = PBXBuildFile; fileRef = 34CE925E2C40EAE60007E086 /* UIImageViewX.swift */; };
		34CE926B2C40EAE60007E086 /* UIViewX.swift in Sources */ = {isa = PBXBuildFile; fileRef = 34CE925F2C40EAE60007E086 /* UIViewX.swift */; };
		34CE926C2C40EAE60007E086 /* Utility.swift in Sources */ = {isa = PBXBuildFile; fileRef = 34CE92602C40EAE60007E086 /* Utility.swift */; };
		34CE926D2C40EAE60007E086 /* ExtensionStoryboard.swift in Sources */ = {isa = PBXBuildFile; fileRef = 34CE92612C40EAE60007E086 /* ExtensionStoryboard.swift */; };
		34CE926E2C40EAE60007E086 /* GradientView.swift in Sources */ = {isa = PBXBuildFile; fileRef = 34CE92622C40EAE60007E086 /* GradientView.swift */; };
		34CE92702C41097C0007E086 /* SetPasswordVc.swift in Sources */ = {isa = PBXBuildFile; fileRef = 34CE926F2C41097C0007E086 /* SetPasswordVc.swift */; };
		34CE92722C410BBD0007E086 /* Constants.swift in Sources */ = {isa = PBXBuildFile; fileRef = 34CE92712C410BBD0007E086 /* Constants.swift */; };
		34D338112C5A7142003C6B13 /* ServicesViewController.swift in Sources */ = {isa = PBXBuildFile; fileRef = 34D338102C5A7142003C6B13 /* ServicesViewController.swift */; };
		34D338132C5A718D003C6B13 /* FindPViewController.swift in Sources */ = {isa = PBXBuildFile; fileRef = 34D338122C5A718D003C6B13 /* FindPViewController.swift */; };
		34D3381E2C5A7A8E003C6B13 /* CalendarFlowLayout.swift in Sources */ = {isa = PBXBuildFile; fileRef = 34D338152C5A7A8E003C6B13 /* CalendarFlowLayout.swift */; };
		34D3381F2C5A7A8E003C6B13 /* CalendarHeaderView.swift in Sources */ = {isa = PBXBuildFile; fileRef = 34D338162C5A7A8E003C6B13 /* CalendarHeaderView.swift */; };
		34D338202C5A7A8E003C6B13 /* CalendarView+Extensions.swift in Sources */ = {isa = PBXBuildFile; fileRef = 34D338172C5A7A8E003C6B13 /* CalendarView+Extensions.swift */; };
		34D338212C5A7A8E003C6B13 /* CalendarDayCell.swift in Sources */ = {isa = PBXBuildFile; fileRef = 34D338182C5A7A8E003C6B13 /* CalendarDayCell.swift */; };
		34D338222C5A7A8E003C6B13 /* CalendarView+Style.swift in Sources */ = {isa = PBXBuildFile; fileRef = 34D338192C5A7A8E003C6B13 /* CalendarView+Style.swift */; };
		34D338232C5A7A8E003C6B13 /* CalendarView+Delegate.swift in Sources */ = {isa = PBXBuildFile; fileRef = 34D3381A2C5A7A8E003C6B13 /* CalendarView+Delegate.swift */; };
		34D338242C5A7A8E003C6B13 /* EventsManager.swift in Sources */ = {isa = PBXBuildFile; fileRef = 34D3381B2C5A7A8E003C6B13 /* EventsManager.swift */; };
		34D338252C5A7A8E003C6B13 /* CalendarView+DataSource.swift in Sources */ = {isa = PBXBuildFile; fileRef = 34D3381C2C5A7A8E003C6B13 /* CalendarView+DataSource.swift */; };
		34D338262C5A7A8E003C6B13 /* CalendarView.swift in Sources */ = {isa = PBXBuildFile; fileRef = 34D3381D2C5A7A8E003C6B13 /* CalendarView.swift */; };
		34D338282C5A7AE1003C6B13 /* BookingDoctorViewController.swift in Sources */ = {isa = PBXBuildFile; fileRef = 34D338272C5A7AE1003C6B13 /* BookingDoctorViewController.swift */; };
		34D3382A2C5A7D2F003C6B13 /* BookingDaysViewController.swift in Sources */ = {isa = PBXBuildFile; fileRef = 34D338292C5A7D2F003C6B13 /* BookingDaysViewController.swift */; };
		34D3382C2C5A9C85003C6B13 /* ProductCell.swift in Sources */ = {isa = PBXBuildFile; fileRef = 34D3382B2C5A9C85003C6B13 /* ProductCell.swift */; };
		34D372442C4E1CE6000DC680 /* UpdateProfileUserViewController.swift in Sources */ = {isa = PBXBuildFile; fileRef = 34D372432C4E1CE6000DC680 /* UpdateProfileUserViewController.swift */; };
		34D372462C4E3E1C000DC680 /* SpecialitiesViewController.swift in Sources */ = {isa = PBXBuildFile; fileRef = 34D372452C4E3E1C000DC680 /* SpecialitiesViewController.swift */; };
		34D404452C4F66550063AEF7 /* HomeUTableView.swift in Sources */ = {isa = PBXBuildFile; fileRef = 34D404442C4F66550063AEF7 /* HomeUTableView.swift */; };
		34D404472C4F67200063AEF7 /* HomeBannerTvCell.swift in Sources */ = {isa = PBXBuildFile; fileRef = 34D404462C4F67200063AEF7 /* HomeBannerTvCell.swift */; };
		34D404492C4F6C2D0063AEF7 /* HomeBannerModel.swift in Sources */ = {isa = PBXBuildFile; fileRef = 34D404482C4F6C2D0063AEF7 /* HomeBannerModel.swift */; };
		34DA67AC2C7C3437002C0EE9 /* ProductCategoryViewController.swift in Sources */ = {isa = PBXBuildFile; fileRef = 34DA67AB2C7C3437002C0EE9 /* ProductCategoryViewController.swift */; };
		34DEF4822C5DFF3C00F395A8 /* Professional.storyboard in Resources */ = {isa = PBXBuildFile; fileRef = 34DEF4812C5DFF3C00F395A8 /* Professional.storyboard */; };
		34DEF4852C5DFFCB00F395A8 /* TabBarProVc.swift in Sources */ = {isa = PBXBuildFile; fileRef = 34DEF4842C5DFFCB00F395A8 /* TabBarProVc.swift */; };
		34DEF4872C5E03C400F395A8 /* HomeViewController.swift in Sources */ = {isa = PBXBuildFile; fileRef = 34DEF4862C5E03C400F395A8 /* HomeViewController.swift */; };
		34DEF4892C5E03E100F395A8 /* AppointmentsViewController.swift in Sources */ = {isa = PBXBuildFile; fileRef = 34DEF4882C5E03E100F395A8 /* AppointmentsViewController.swift */; };
		34DEF48B2C5E03F400F395A8 /* ProfileViewController.swift in Sources */ = {isa = PBXBuildFile; fileRef = 34DEF48A2C5E03F400F395A8 /* ProfileViewController.swift */; };
		34DEF48D2C5E040700F395A8 /* NotificationViewController.swift in Sources */ = {isa = PBXBuildFile; fileRef = 34DEF48C2C5E040700F395A8 /* NotificationViewController.swift */; };
		34F559B92C5A52250017F732 /* HomeList.swift in Sources */ = {isa = PBXBuildFile; fileRef = 34F559B82C5A52250017F732 /* HomeList.swift */; };
		34F559BB2C5A569B0017F732 /* CategoryHomeTvCell.swift in Sources */ = {isa = PBXBuildFile; fileRef = 34F559BA2C5A569B0017F732 /* CategoryHomeTvCell.swift */; };
		75C71B34A104F5698502BB7E /* Pods_GentlemanSpa.framework in Frameworks */ = {isa = PBXBuildFile; fileRef = 5A789DEF5BEC1FF7F72085A5 /* Pods_GentlemanSpa.framework */; };
/* End PBXBuildFile section */

/* Begin PBXFileReference section */
		3404F3042C3F936D00FF0F41 /* GentlemanSpa.app */ = {isa = PBXFileReference; explicitFileType = wrapper.application; includeInIndex = 0; path = GentlemanSpa.app; sourceTree = BUILT_PRODUCTS_DIR; };
		3404F3072C3F936D00FF0F41 /* AppDelegate.swift */ = {isa = PBXFileReference; lastKnownFileType = sourcecode.swift; path = AppDelegate.swift; sourceTree = "<group>"; };
		3404F3092C3F936D00FF0F41 /* SceneDelegate.swift */ = {isa = PBXFileReference; lastKnownFileType = sourcecode.swift; path = SceneDelegate.swift; sourceTree = "<group>"; };
		3404F30B2C3F936D00FF0F41 /* ViewController.swift */ = {isa = PBXFileReference; lastKnownFileType = sourcecode.swift; path = ViewController.swift; sourceTree = "<group>"; };
		3404F30E2C3F936D00FF0F41 /* Base */ = {isa = PBXFileReference; lastKnownFileType = file.storyboard; name = Base; path = Base.lproj/Main.storyboard; sourceTree = "<group>"; };
		3404F3102C3F936E00FF0F41 /* Assets.xcassets */ = {isa = PBXFileReference; lastKnownFileType = folder.assetcatalog; path = Assets.xcassets; sourceTree = "<group>"; };
		3404F3132C3F936E00FF0F41 /* Base */ = {isa = PBXFileReference; lastKnownFileType = file.storyboard; name = Base; path = Base.lproj/LaunchScreen.storyboard; sourceTree = "<group>"; };
		3404F3152C3F936E00FF0F41 /* Info.plist */ = {isa = PBXFileReference; lastKnownFileType = text.plist.xml; path = Info.plist; sourceTree = "<group>"; };
		3408D4982C5FD6060072C4E4 /* UpdateProfileProViewController.swift */ = {isa = PBXFileReference; lastKnownFileType = sourcecode.swift; path = UpdateProfileProViewController.swift; sourceTree = "<group>"; };
		3417482F2C58F9610015AF5E /* SpaLocationVc.swift */ = {isa = PBXFileReference; lastKnownFileType = sourcecode.swift; path = SpaLocationVc.swift; sourceTree = "<group>"; };
		34186AB62CB39FF900717E47 /* Address.storyboard */ = {isa = PBXFileReference; lastKnownFileType = file.storyboard; path = Address.storyboard; sourceTree = "<group>"; };
		34186ABC2CB3A16E00717E47 /* MyLocationVc.swift */ = {isa = PBXFileReference; lastKnownFileType = sourcecode.swift; path = MyLocationVc.swift; sourceTree = "<group>"; };
		34186ABE2CB3A25200717E47 /* LocationApiRequest.swift */ = {isa = PBXFileReference; lastKnownFileType = sourcecode.swift; path = LocationApiRequest.swift; sourceTree = "<group>"; };
		34186AC02CB3A52100717E47 /* MapsViewController.swift */ = {isa = PBXFileReference; lastKnownFileType = sourcecode.swift; path = MapsViewController.swift; sourceTree = "<group>"; };
		34186AC22CB3A58300717E47 /* GoogleApiHelper.swift */ = {isa = PBXFileReference; lastKnownFileType = sourcecode.swift; path = GoogleApiHelper.swift; sourceTree = "<group>"; };
		34186AC32CB3A58300717E47 /* GoogleApiHelper+Nearby.swift */ = {isa = PBXFileReference; lastKnownFileType = sourcecode.swift; path = "GoogleApiHelper+Nearby.swift"; sourceTree = "<group>"; };
		34186AC42CB3A58300717E47 /* NearByEnum.swift */ = {isa = PBXFileReference; lastKnownFileType = sourcecode.swift; path = NearByEnum.swift; sourceTree = "<group>"; };
		34186AC92CB3A61900717E47 /* EditAddressVc.swift */ = {isa = PBXFileReference; lastKnownFileType = sourcecode.swift; path = EditAddressVc.swift; sourceTree = "<group>"; };
		342BB9042CB53DA0009E069E /* BookAppointmentRequest.swift */ = {isa = PBXFileReference; lastKnownFileType = sourcecode.swift; path = BookAppointmentRequest.swift; sourceTree = "<group>"; };
		343813BF2C69D928003B4B30 /* ProductCategories.swift */ = {isa = PBXFileReference; lastKnownFileType = sourcecode.swift; path = ProductCategories.swift; sourceTree = "<group>"; };
		343813C12C69E420003B4B30 /* HomeCell.swift */ = {isa = PBXFileReference; lastKnownFileType = sourcecode.swift; path = HomeCell.swift; sourceTree = "<group>"; };
		3438E90A2C609DE4005BFC03 /* CreateSchedule.swift */ = {isa = PBXFileReference; lastKnownFileType = sourcecode.swift; path = CreateSchedule.swift; sourceTree = "<group>"; };
		3438E90C2C60A5C4005BFC03 /* UpdateProfessionalProfile.swift */ = {isa = PBXFileReference; lastKnownFileType = sourcecode.swift; path = UpdateProfessionalProfile.swift; sourceTree = "<group>"; };
		34498CF02C463DB900F541DB /* CreateAccountController.swift */ = {isa = PBXFileReference; lastKnownFileType = sourcecode.swift; path = CreateAccountController.swift; sourceTree = "<group>"; };
		34498CF22C463F1C00F541DB /* VerifiyController.swift */ = {isa = PBXFileReference; lastKnownFileType = sourcecode.swift; path = VerifiyController.swift; sourceTree = "<group>"; };
		344B96522CABD2830022F502 /* SelectProfessionalVc.swift */ = {isa = PBXFileReference; lastKnownFileType = sourcecode.swift; path = SelectProfessionalVc.swift; sourceTree = "<group>"; };
		344B96542CABD53F0022F502 /* SelectProTableViewCell.swift */ = {isa = PBXFileReference; lastKnownFileType = sourcecode.swift; path = SelectProTableViewCell.swift; sourceTree = "<group>"; };
		344B96562CABDC950022F502 /* Services.storyboard */ = {isa = PBXFileReference; lastKnownFileType = file.storyboard; path = Services.storyboard; sourceTree = "<group>"; };
		344B96582CABEF9D0022F502 /* SelectProfessionalListVc.swift */ = {isa = PBXFileReference; lastKnownFileType = sourcecode.swift; path = SelectProfessionalListVc.swift; sourceTree = "<group>"; };
		344B965A2CABF93C0022F502 /* AvailableDatesRequest.swift */ = {isa = PBXFileReference; lastKnownFileType = sourcecode.swift; path = AvailableDatesRequest.swift; sourceTree = "<group>"; };
		344E0C6B2CA12A0000D32AB6 /* UserProduct.storyboard */ = {isa = PBXFileReference; lastKnownFileType = file.storyboard; path = UserProduct.storyboard; sourceTree = "<group>"; };
		344E0C6F2CA1341500D32AB6 /* MyOrderVc.swift */ = {isa = PBXFileReference; lastKnownFileType = sourcecode.swift; path = MyOrderVc.swift; sourceTree = "<group>"; };
		345001FA2C776DF2001A2A0D /* ProGetProductAPI.swift */ = {isa = PBXFileReference; lastKnownFileType = sourcecode.swift; path = ProGetProductAPI.swift; sourceTree = "<group>"; };
		3460D6FB2C9D43800076C4C2 /* MyCartCell.swift */ = {isa = PBXFileReference; lastKnownFileType = sourcecode.swift; path = MyCartCell.swift; sourceTree = "<group>"; };
		3460D6FF2C9D9B3F0076C4C2 /* UserNotificationViewController.swift */ = {isa = PBXFileReference; lastKnownFileType = sourcecode.swift; path = UserNotificationViewController.swift; sourceTree = "<group>"; };
		3498173E2C7C860100219379 /* ProductDetailsViewController.swift */ = {isa = PBXFileReference; lastKnownFileType = sourcecode.swift; path = ProductDetailsViewController.swift; sourceTree = "<group>"; };
		34ADB3102CB6419600523217 /* GetOrderListRequest.swift */ = {isa = PBXFileReference; lastKnownFileType = sourcecode.swift; path = GetOrderListRequest.swift; sourceTree = "<group>"; };
		34ADB3122CB66E9600523217 /* AlertViewController.swift */ = {isa = PBXFileReference; lastKnownFileType = sourcecode.swift; path = AlertViewController.swift; sourceTree = "<group>"; };
		34B4CD8D2C48D4C8006B9F1F /* TabBarUserVc.swift */ = {isa = PBXFileReference; lastKnownFileType = sourcecode.swift; path = TabBarUserVc.swift; sourceTree = "<group>"; };
		34B4CD8F2C48D512006B9F1F /* HomeUserViewController.swift */ = {isa = PBXFileReference; lastKnownFileType = sourcecode.swift; path = HomeUserViewController.swift; sourceTree = "<group>"; };
		34B4CD912C48D571006B9F1F /* CartUserViewController.swift */ = {isa = PBXFileReference; lastKnownFileType = sourcecode.swift; path = CartUserViewController.swift; sourceTree = "<group>"; };
		34B4CD932C48D596006B9F1F /* HistoryUserViewController.swift */ = {isa = PBXFileReference; lastKnownFileType = sourcecode.swift; path = HistoryUserViewController.swift; sourceTree = "<group>"; };
		34B4CD952C48D5AE006B9F1F /* ProfileUserViewController.swift */ = {isa = PBXFileReference; lastKnownFileType = sourcecode.swift; path = ProfileUserViewController.swift; sourceTree = "<group>"; };
		34B4CD972C48D5D1006B9F1F /* User.storyboard */ = {isa = PBXFileReference; lastKnownFileType = file.storyboard; path = User.storyboard; sourceTree = "<group>"; };
		34B4CD992C48D855006B9F1F /* MenuUserController.swift */ = {isa = PBXFileReference; lastKnownFileType = sourcecode.swift; path = MenuUserController.swift; sourceTree = "<group>"; };
		34B6D7AC2C44E7080008FC81 /* LoginRequest.swift */ = {isa = PBXFileReference; lastKnownFileType = sourcecode.swift; path = LoginRequest.swift; sourceTree = "<group>"; };
		34B6D7AE2C44E7680008FC81 /* AlamofireRequest.swift */ = {isa = PBXFileReference; lastKnownFileType = sourcecode.swift; path = AlamofireRequest.swift; sourceTree = "<group>"; };
		34B6D7B02C44FAD30008FC81 /* SetPasswordRequest.swift */ = {isa = PBXFileReference; lastKnownFileType = sourcecode.swift; path = SetPasswordRequest.swift; sourceTree = "<group>"; };
		34B905602C984FC000E81DFC /* AddProductCartAPI.swift */ = {isa = PBXFileReference; lastKnownFileType = sourcecode.swift; path = AddProductCartAPI.swift; sourceTree = "<group>"; };
		34BAC59C2C60B4670033D970 /* CreateTimeSlotsController.swift */ = {isa = PBXFileReference; fileEncoding = 4; lastKnownFileType = sourcecode.swift; path = CreateTimeSlotsController.swift; sourceTree = "<group>"; };
		34BB81842C622D630090581C /* MyServiceViewController.swift */ = {isa = PBXFileReference; lastKnownFileType = sourcecode.swift; path = MyServiceViewController.swift; sourceTree = "<group>"; };
		34BB81862C6230770090581C /* MyServiceAPI.swift */ = {isa = PBXFileReference; lastKnownFileType = sourcecode.swift; path = MyServiceAPI.swift; sourceTree = "<group>"; };
		34BE6DC02C622365000C4283 /* MenuProController.swift */ = {isa = PBXFileReference; lastKnownFileType = sourcecode.swift; path = MenuProController.swift; sourceTree = "<group>"; };
		34C093E92C9A9534001BBB40 /* GetProfessional.swift */ = {isa = PBXFileReference; lastKnownFileType = sourcecode.swift; path = GetProfessional.swift; sourceTree = "<group>"; };
		34C093EB2C9AA37F001BBB40 /* ProfessionalServicesVc.swift */ = {isa = PBXFileReference; lastKnownFileType = sourcecode.swift; path = ProfessionalServicesVc.swift; sourceTree = "<group>"; };
		34C5A6BE2C5CD153007A79FD /* ServiceDetailImageCollection.swift */ = {isa = PBXFileReference; lastKnownFileType = sourcecode.swift; path = ServiceDetailImageCollection.swift; sourceTree = "<group>"; };
		34C5E2EE2C5B7AFF00F97C0C /* MoreCollection.swift */ = {isa = PBXFileReference; fileEncoding = 4; lastKnownFileType = sourcecode.swift; path = MoreCollection.swift; sourceTree = "<group>"; };
		34C5E2F02C5B97F700F97C0C /* GetServiceListRequest.swift */ = {isa = PBXFileReference; lastKnownFileType = sourcecode.swift; path = GetServiceListRequest.swift; sourceTree = "<group>"; };
		34C5E2F22C5BA9A200F97C0C /* ServiceDetailViewController.swift */ = {isa = PBXFileReference; lastKnownFileType = sourcecode.swift; path = ServiceDetailViewController.swift; sourceTree = "<group>"; };
		34C5E77F2C6A32D900C5BE0A /* ProductListViewController.swift */ = {isa = PBXFileReference; lastKnownFileType = sourcecode.swift; path = ProductListViewController.swift; sourceTree = "<group>"; };
		34C80D732C75B0C200FE9E02 /* ProProductListVc.swift */ = {isa = PBXFileReference; lastKnownFileType = sourcecode.swift; path = ProProductListVc.swift; sourceTree = "<group>"; };
		34C80D752C75B0EC00FE9E02 /* ProAddProductVc.swift */ = {isa = PBXFileReference; lastKnownFileType = sourcecode.swift; path = ProAddProductVc.swift; sourceTree = "<group>"; };
		34CE924E2C40E8E40007E086 /* Poppins-Medium.ttf */ = {isa = PBXFileReference; lastKnownFileType = file; path = "Poppins-Medium.ttf"; sourceTree = "<group>"; };
		34CE924F2C40E8E40007E086 /* Poppins-Regular.ttf */ = {isa = PBXFileReference; lastKnownFileType = file; path = "Poppins-Regular.ttf"; sourceTree = "<group>"; };
		34CE92502C40E8E40007E086 /* Poppins-SemiBold.ttf */ = {isa = PBXFileReference; lastKnownFileType = file; path = "Poppins-SemiBold.ttf"; sourceTree = "<group>"; };
		34CE92512C40E8E40007E086 /* Poppins-Italic.ttf */ = {isa = PBXFileReference; lastKnownFileType = file; path = "Poppins-Italic.ttf"; sourceTree = "<group>"; };
		34CE92572C40EAE60007E086 /* UIViewXRadialGradient.swift */ = {isa = PBXFileReference; fileEncoding = 4; lastKnownFileType = sourcecode.swift; path = UIViewXRadialGradient.swift; sourceTree = "<group>"; };
		34CE92582C40EAE60007E086 /* BaseViewController.swift */ = {isa = PBXFileReference; fileEncoding = 4; lastKnownFileType = sourcecode.swift; path = BaseViewController.swift; sourceTree = "<group>"; };
		34CE92592C40EAE60007E086 /* UITextFieldX.swift */ = {isa = PBXFileReference; fileEncoding = 4; lastKnownFileType = sourcecode.swift; path = UITextFieldX.swift; sourceTree = "<group>"; };
		34CE925A2C40EAE60007E086 /* UIButtonX.swift */ = {isa = PBXFileReference; fileEncoding = 4; lastKnownFileType = sourcecode.swift; path = UIButtonX.swift; sourceTree = "<group>"; };
		34CE925B2C40EAE60007E086 /* UILabelX.swift */ = {isa = PBXFileReference; fileEncoding = 4; lastKnownFileType = sourcecode.swift; path = UILabelX.swift; sourceTree = "<group>"; };
		34CE925C2C40EAE60007E086 /* UIViewAnchorPoint.swift */ = {isa = PBXFileReference; fileEncoding = 4; lastKnownFileType = sourcecode.swift; path = UIViewAnchorPoint.swift; sourceTree = "<group>"; };
		34CE925D2C40EAE60007E086 /* UIViewControllerX.swift */ = {isa = PBXFileReference; fileEncoding = 4; lastKnownFileType = sourcecode.swift; path = UIViewControllerX.swift; sourceTree = "<group>"; };
		34CE925E2C40EAE60007E086 /* UIImageViewX.swift */ = {isa = PBXFileReference; fileEncoding = 4; lastKnownFileType = sourcecode.swift; path = UIImageViewX.swift; sourceTree = "<group>"; };
		34CE925F2C40EAE60007E086 /* UIViewX.swift */ = {isa = PBXFileReference; fileEncoding = 4; lastKnownFileType = sourcecode.swift; path = UIViewX.swift; sourceTree = "<group>"; };
		34CE92602C40EAE60007E086 /* Utility.swift */ = {isa = PBXFileReference; fileEncoding = 4; lastKnownFileType = sourcecode.swift; path = Utility.swift; sourceTree = "<group>"; };
		34CE92612C40EAE60007E086 /* ExtensionStoryboard.swift */ = {isa = PBXFileReference; fileEncoding = 4; lastKnownFileType = sourcecode.swift; path = ExtensionStoryboard.swift; sourceTree = "<group>"; };
		34CE92622C40EAE60007E086 /* GradientView.swift */ = {isa = PBXFileReference; fileEncoding = 4; lastKnownFileType = sourcecode.swift; path = GradientView.swift; sourceTree = "<group>"; };
		34CE926F2C41097C0007E086 /* SetPasswordVc.swift */ = {isa = PBXFileReference; lastKnownFileType = sourcecode.swift; path = SetPasswordVc.swift; sourceTree = "<group>"; };
		34CE92712C410BBD0007E086 /* Constants.swift */ = {isa = PBXFileReference; lastKnownFileType = sourcecode.swift; path = Constants.swift; sourceTree = "<group>"; };
		34D338102C5A7142003C6B13 /* ServicesViewController.swift */ = {isa = PBXFileReference; lastKnownFileType = sourcecode.swift; path = ServicesViewController.swift; sourceTree = "<group>"; };
		34D338122C5A718D003C6B13 /* FindPViewController.swift */ = {isa = PBXFileReference; lastKnownFileType = sourcecode.swift; path = FindPViewController.swift; sourceTree = "<group>"; };
		34D338152C5A7A8E003C6B13 /* CalendarFlowLayout.swift */ = {isa = PBXFileReference; fileEncoding = 4; lastKnownFileType = sourcecode.swift; path = CalendarFlowLayout.swift; sourceTree = "<group>"; };
		34D338162C5A7A8E003C6B13 /* CalendarHeaderView.swift */ = {isa = PBXFileReference; fileEncoding = 4; lastKnownFileType = sourcecode.swift; path = CalendarHeaderView.swift; sourceTree = "<group>"; };
		34D338172C5A7A8E003C6B13 /* CalendarView+Extensions.swift */ = {isa = PBXFileReference; fileEncoding = 4; lastKnownFileType = sourcecode.swift; path = "CalendarView+Extensions.swift"; sourceTree = "<group>"; };
		34D338182C5A7A8E003C6B13 /* CalendarDayCell.swift */ = {isa = PBXFileReference; fileEncoding = 4; lastKnownFileType = sourcecode.swift; path = CalendarDayCell.swift; sourceTree = "<group>"; };
		34D338192C5A7A8E003C6B13 /* CalendarView+Style.swift */ = {isa = PBXFileReference; fileEncoding = 4; lastKnownFileType = sourcecode.swift; path = "CalendarView+Style.swift"; sourceTree = "<group>"; };
		34D3381A2C5A7A8E003C6B13 /* CalendarView+Delegate.swift */ = {isa = PBXFileReference; fileEncoding = 4; lastKnownFileType = sourcecode.swift; path = "CalendarView+Delegate.swift"; sourceTree = "<group>"; };
		34D3381B2C5A7A8E003C6B13 /* EventsManager.swift */ = {isa = PBXFileReference; fileEncoding = 4; lastKnownFileType = sourcecode.swift; path = EventsManager.swift; sourceTree = "<group>"; };
		34D3381C2C5A7A8E003C6B13 /* CalendarView+DataSource.swift */ = {isa = PBXFileReference; fileEncoding = 4; lastKnownFileType = sourcecode.swift; path = "CalendarView+DataSource.swift"; sourceTree = "<group>"; };
		34D3381D2C5A7A8E003C6B13 /* CalendarView.swift */ = {isa = PBXFileReference; fileEncoding = 4; lastKnownFileType = sourcecode.swift; path = CalendarView.swift; sourceTree = "<group>"; };
		34D338272C5A7AE1003C6B13 /* BookingDoctorViewController.swift */ = {isa = PBXFileReference; fileEncoding = 4; lastKnownFileType = sourcecode.swift; path = BookingDoctorViewController.swift; sourceTree = "<group>"; };
		34D338292C5A7D2F003C6B13 /* BookingDaysViewController.swift */ = {isa = PBXFileReference; fileEncoding = 4; lastKnownFileType = sourcecode.swift; path = BookingDaysViewController.swift; sourceTree = "<group>"; };
		34D3382B2C5A9C85003C6B13 /* ProductCell.swift */ = {isa = PBXFileReference; lastKnownFileType = sourcecode.swift; path = ProductCell.swift; sourceTree = "<group>"; };
		34D372432C4E1CE6000DC680 /* UpdateProfileUserViewController.swift */ = {isa = PBXFileReference; lastKnownFileType = sourcecode.swift; path = UpdateProfileUserViewController.swift; sourceTree = "<group>"; };
		34D372452C4E3E1C000DC680 /* SpecialitiesViewController.swift */ = {isa = PBXFileReference; lastKnownFileType = sourcecode.swift; path = SpecialitiesViewController.swift; sourceTree = "<group>"; };
		34D404442C4F66550063AEF7 /* HomeUTableView.swift */ = {isa = PBXFileReference; lastKnownFileType = sourcecode.swift; path = HomeUTableView.swift; sourceTree = "<group>"; };
		34D404462C4F67200063AEF7 /* HomeBannerTvCell.swift */ = {isa = PBXFileReference; lastKnownFileType = sourcecode.swift; path = HomeBannerTvCell.swift; sourceTree = "<group>"; };
		34D404482C4F6C2D0063AEF7 /* HomeBannerModel.swift */ = {isa = PBXFileReference; lastKnownFileType = sourcecode.swift; path = HomeBannerModel.swift; sourceTree = "<group>"; };
		34DA67AB2C7C3437002C0EE9 /* ProductCategoryViewController.swift */ = {isa = PBXFileReference; lastKnownFileType = sourcecode.swift; path = ProductCategoryViewController.swift; sourceTree = "<group>"; };
		34DEF4812C5DFF3C00F395A8 /* Professional.storyboard */ = {isa = PBXFileReference; lastKnownFileType = file.storyboard; path = Professional.storyboard; sourceTree = "<group>"; };
		34DEF4842C5DFFCB00F395A8 /* TabBarProVc.swift */ = {isa = PBXFileReference; lastKnownFileType = sourcecode.swift; path = TabBarProVc.swift; sourceTree = "<group>"; };
		34DEF4862C5E03C400F395A8 /* HomeViewController.swift */ = {isa = PBXFileReference; lastKnownFileType = sourcecode.swift; path = HomeViewController.swift; sourceTree = "<group>"; };
		34DEF4882C5E03E100F395A8 /* AppointmentsViewController.swift */ = {isa = PBXFileReference; lastKnownFileType = sourcecode.swift; path = AppointmentsViewController.swift; sourceTree = "<group>"; };
		34DEF48A2C5E03F400F395A8 /* ProfileViewController.swift */ = {isa = PBXFileReference; lastKnownFileType = sourcecode.swift; path = ProfileViewController.swift; sourceTree = "<group>"; };
		34DEF48C2C5E040700F395A8 /* NotificationViewController.swift */ = {isa = PBXFileReference; lastKnownFileType = sourcecode.swift; path = NotificationViewController.swift; sourceTree = "<group>"; };
		34F559B82C5A52250017F732 /* HomeList.swift */ = {isa = PBXFileReference; lastKnownFileType = sourcecode.swift; path = HomeList.swift; sourceTree = "<group>"; };
		34F559BA2C5A569B0017F732 /* CategoryHomeTvCell.swift */ = {isa = PBXFileReference; fileEncoding = 4; lastKnownFileType = sourcecode.swift; path = CategoryHomeTvCell.swift; sourceTree = "<group>"; };
		5A789DEF5BEC1FF7F72085A5 /* Pods_GentlemanSpa.framework */ = {isa = PBXFileReference; explicitFileType = wrapper.framework; includeInIndex = 0; path = Pods_GentlemanSpa.framework; sourceTree = BUILT_PRODUCTS_DIR; };
		82BB3254C83F9FE6C9DB772B /* Pods-GentlemanSpa.release.xcconfig */ = {isa = PBXFileReference; includeInIndex = 1; lastKnownFileType = text.xcconfig; name = "Pods-GentlemanSpa.release.xcconfig"; path = "Target Support Files/Pods-GentlemanSpa/Pods-GentlemanSpa.release.xcconfig"; sourceTree = "<group>"; };
		9E79363AEB49DEDA44C9DB91 /* Pods-GentlemanSpa.debug.xcconfig */ = {isa = PBXFileReference; includeInIndex = 1; lastKnownFileType = text.xcconfig; name = "Pods-GentlemanSpa.debug.xcconfig"; path = "Target Support Files/Pods-GentlemanSpa/Pods-GentlemanSpa.debug.xcconfig"; sourceTree = "<group>"; };
/* End PBXFileReference section */

/* Begin PBXFrameworksBuildPhase section */
		3404F3012C3F936D00FF0F41 /* Frameworks */ = {
			isa = PBXFrameworksBuildPhase;
			buildActionMask = 2147483647;
			files = (
				75C71B34A104F5698502BB7E /* Pods_GentlemanSpa.framework in Frameworks */,
			);
			runOnlyForDeploymentPostprocessing = 0;
		};
/* End PBXFrameworksBuildPhase section */

/* Begin PBXGroup section */
		3404F2FB2C3F936D00FF0F41 = {
			isa = PBXGroup;
			children = (
				3404F3062C3F936D00FF0F41 /* GentlemanSpa */,
				3404F3052C3F936D00FF0F41 /* Products */,
				5E3C134D18FA7C03A86D40B7 /* Pods */,
				BAFEA9B80B933F716A0812AF /* Frameworks */,
			);
			sourceTree = "<group>";
		};
		3404F3052C3F936D00FF0F41 /* Products */ = {
			isa = PBXGroup;
			children = (
				3404F3042C3F936D00FF0F41 /* GentlemanSpa.app */,
			);
			name = Products;
			sourceTree = "<group>";
		};
		3404F3062C3F936D00FF0F41 /* GentlemanSpa */ = {
			isa = PBXGroup;
			children = (
				3404F3072C3F936D00FF0F41 /* AppDelegate.swift */,
				3404F3092C3F936D00FF0F41 /* SceneDelegate.swift */,
				3460D6E32C9D318F0076C4C2 /* SignIn */,
				3460D6E62C9D321C0076C4C2 /* Home */,
				3460D6EA2C9D33560076C4C2 /* History */,
				3460D6EB2C9D337B0076C4C2 /* Profile */,
				3460D6EC2C9D339C0076C4C2 /* Services */,
				3460D6EE2C9D33F20076C4C2 /* Booking */,
				3460D6F02C9D34390076C4C2 /* Product */,
				344E0C6D2CA133CC00D32AB6 /* MyOrder */,
				3460D6E82C9D32BB0076C4C2 /* Cart */,
				3460D6EF2C9D34180076C4C2 /* ProfessionalServices */,
				34DEF4832C5DFF8100F395A8 /* Professional */,
				3404F30D2C3F936D00FF0F41 /* Main.storyboard */,
				34B4CD972C48D5D1006B9F1F /* User.storyboard */,
				344E0C6B2CA12A0000D32AB6 /* UserProduct.storyboard */,
				344B96562CABDC950022F502 /* Services.storyboard */,
				34DEF4812C5DFF3C00F395A8 /* Professional.storyboard */,
				34186AB62CB39FF900717E47 /* Address.storyboard */,
				3404F3102C3F936E00FF0F41 /* Assets.xcassets */,
				3404F3122C3F936E00FF0F41 /* LaunchScreen.storyboard */,
				3404F3152C3F936E00FF0F41 /* Info.plist */,
				34CE92712C410BBD0007E086 /* Constants.swift */,
				34B6D7AE2C44E7680008FC81 /* AlamofireRequest.swift */,
				34D338142C5A7A8E003C6B13 /* CalendarView */,
				34CE92562C40EAE60007E086 /* Designables */,
				34CE924D2C40E8E40007E086 /* Font */,
			);
			path = GentlemanSpa;
			sourceTree = "<group>";
		};
		34186AC52CB3A58300717E47 /* Source */ = {
			isa = PBXGroup;
			children = (
				34186AC22CB3A58300717E47 /* GoogleApiHelper.swift */,
				34186AC32CB3A58300717E47 /* GoogleApiHelper+Nearby.swift */,
				34186AC42CB3A58300717E47 /* NearByEnum.swift */,
			);
			path = Source;
			sourceTree = "<group>";
		};
		344E0C6D2CA133CC00D32AB6 /* MyOrder */ = {
			isa = PBXGroup;
			children = (
				344E0C6F2CA1341500D32AB6 /* MyOrderVc.swift */,
			);
			path = MyOrder;
			sourceTree = "<group>";
		};
		3460D6E32C9D318F0076C4C2 /* SignIn */ = {
			isa = PBXGroup;
			children = (
				3404F30B2C3F936D00FF0F41 /* ViewController.swift */,
				34CE926F2C41097C0007E086 /* SetPasswordVc.swift */,
				34498CF02C463DB900F541DB /* CreateAccountController.swift */,
				3460D6E52C9D31F30076C4C2 /* TabMenu */,
				34498CF22C463F1C00F541DB /* VerifiyController.swift */,
				34ADB3122CB66E9600523217 /* AlertViewController.swift */,
				3460D6E42C9D31C70076C4C2 /* Request */,
			);
			path = SignIn;
			sourceTree = "<group>";
		};
		3460D6E42C9D31C70076C4C2 /* Request */ = {
			isa = PBXGroup;
			children = (
				34B6D7AC2C44E7080008FC81 /* LoginRequest.swift */,
				34B6D7B02C44FAD30008FC81 /* SetPasswordRequest.swift */,
			);
			path = Request;
			sourceTree = "<group>";
		};
		3460D6E52C9D31F30076C4C2 /* TabMenu */ = {
			isa = PBXGroup;
			children = (
				34B4CD8D2C48D4C8006B9F1F /* TabBarUserVc.swift */,
			);
			path = TabMenu;
			sourceTree = "<group>";
		};
		3460D6E62C9D321C0076C4C2 /* Home */ = {
			isa = PBXGroup;
			children = (
				34B4CD8F2C48D512006B9F1F /* HomeUserViewController.swift */,
				34D404462C4F67200063AEF7 /* HomeBannerTvCell.swift */,
				34D404442C4F66550063AEF7 /* HomeUTableView.swift */,
				34B4CD992C48D855006B9F1F /* MenuUserController.swift */,
				343813C12C69E420003B4B30 /* HomeCell.swift */,
				3460D6E72C9D32780076C4C2 /* Request */,
			);
			path = Home;
			sourceTree = "<group>";
		};
		3460D6E72C9D32780076C4C2 /* Request */ = {
			isa = PBXGroup;
			children = (
				34C5E2EE2C5B7AFF00F97C0C /* MoreCollection.swift */,
				34F559BA2C5A569B0017F732 /* CategoryHomeTvCell.swift */,
				34F559B82C5A52250017F732 /* HomeList.swift */,
				343813BF2C69D928003B4B30 /* ProductCategories.swift */,
				34C093E92C9A9534001BBB40 /* GetProfessional.swift */,
				34D3382B2C5A9C85003C6B13 /* ProductCell.swift */,
				34D404482C4F6C2D0063AEF7 /* HomeBannerModel.swift */,
			);
			path = Request;
			sourceTree = "<group>";
		};
		3460D6E82C9D32BB0076C4C2 /* Cart */ = {
			isa = PBXGroup;
			children = (
				34B4CD912C48D571006B9F1F /* CartUserViewController.swift */,
				3460D6FB2C9D43800076C4C2 /* MyCartCell.swift */,
				3460D6E92C9D32F20076C4C2 /* Request */,
			);
			path = Cart;
			sourceTree = "<group>";
		};
		3460D6E92C9D32F20076C4C2 /* Request */ = {
			isa = PBXGroup;
			children = (
				34B905602C984FC000E81DFC /* AddProductCartAPI.swift */,
				342BB9042CB53DA0009E069E /* BookAppointmentRequest.swift */,
			);
			path = Request;
			sourceTree = "<group>";
		};
		3460D6EA2C9D33560076C4C2 /* History */ = {
			isa = PBXGroup;
			children = (
				34B4CD932C48D596006B9F1F /* HistoryUserViewController.swift */,
				34ADB3102CB6419600523217 /* GetOrderListRequest.swift */,
			);
			path = History;
			sourceTree = "<group>";
		};
		3460D6EB2C9D337B0076C4C2 /* Profile */ = {
			isa = PBXGroup;
			children = (
				34B4CD952C48D5AE006B9F1F /* ProfileUserViewController.swift */,
				34D372432C4E1CE6000DC680 /* UpdateProfileUserViewController.swift */,
				3417482F2C58F9610015AF5E /* SpaLocationVc.swift */,
			);
			path = Profile;
			sourceTree = "<group>";
		};
		3460D6EC2C9D339C0076C4C2 /* Services */ = {
			isa = PBXGroup;
			children = (
				34D338102C5A7142003C6B13 /* ServicesViewController.swift */,
				34C5A6BE2C5CD153007A79FD /* ServiceDetailImageCollection.swift */,
				34C5E2F22C5BA9A200F97C0C /* ServiceDetailViewController.swift */,
				3460D6ED2C9D33C60076C4C2 /* Request */,
			);
			path = Services;
			sourceTree = "<group>";
		};
		3460D6ED2C9D33C60076C4C2 /* Request */ = {
			isa = PBXGroup;
			children = (
				34C5E2F02C5B97F700F97C0C /* GetServiceListRequest.swift */,
			);
			path = Request;
			sourceTree = "<group>";
		};
		3460D6EE2C9D33F20076C4C2 /* Booking */ = {
			isa = PBXGroup;
			children = (
				34D338272C5A7AE1003C6B13 /* BookingDoctorViewController.swift */,
				34D338292C5A7D2F003C6B13 /* BookingDaysViewController.swift */,
			);
			path = Booking;
			sourceTree = "<group>";
		};
		3460D6EF2C9D34180076C4C2 /* ProfessionalServices */ = {
			isa = PBXGroup;
			children = (
				3460D6FF2C9D9B3F0076C4C2 /* UserNotificationViewController.swift */,
				34D338122C5A718D003C6B13 /* FindPViewController.swift */,
				34C093EB2C9AA37F001BBB40 /* ProfessionalServicesVc.swift */,
				344B96522CABD2830022F502 /* SelectProfessionalVc.swift */,
				344B96542CABD53F0022F502 /* SelectProTableViewCell.swift */,
				344B96582CABEF9D0022F502 /* SelectProfessionalListVc.swift */,
				344B965A2CABF93C0022F502 /* AvailableDatesRequest.swift */,
			);
			path = ProfessionalServices;
			sourceTree = "<group>";
		};
		3460D6F02C9D34390076C4C2 /* Product */ = {
			isa = PBXGroup;
			children = (
				34C5E77F2C6A32D900C5BE0A /* ProductListViewController.swift */,
				3498173E2C7C860100219379 /* ProductDetailsViewController.swift */,
				34186ABE2CB3A25200717E47 /* LocationApiRequest.swift */,
				34186ABC2CB3A16E00717E47 /* MyLocationVc.swift */,
				34186AC02CB3A52100717E47 /* MapsViewController.swift */,
				34186AC92CB3A61900717E47 /* EditAddressVc.swift */,
				34186AC52CB3A58300717E47 /* Source */,
			);
			path = Product;
			sourceTree = "<group>";
		};
		3460D6F12C9D345A0076C4C2 /* TabMenu */ = {
			isa = PBXGroup;
			children = (
				34DEF4842C5DFFCB00F395A8 /* TabBarProVc.swift */,
				34BE6DC02C622365000C4283 /* MenuProController.swift */,
			);
			path = TabMenu;
			sourceTree = "<group>";
		};
		3460D6F22C9D34790076C4C2 /* Home */ = {
			isa = PBXGroup;
			children = (
				34DEF4862C5E03C400F395A8 /* HomeViewController.swift */,
			);
			path = Home;
			sourceTree = "<group>";
		};
		3460D6F32C9D34940076C4C2 /* Schedule */ = {
			isa = PBXGroup;
			children = (
				3438E90A2C609DE4005BFC03 /* CreateSchedule.swift */,
				34BAC59C2C60B4670033D970 /* CreateTimeSlotsController.swift */,
				34DEF4882C5E03E100F395A8 /* AppointmentsViewController.swift */,
			);
			path = Schedule;
			sourceTree = "<group>";
		};
		3460D6F42C9D34D00076C4C2 /* Profile */ = {
			isa = PBXGroup;
			children = (
				34DEF48A2C5E03F400F395A8 /* ProfileViewController.swift */,
				3408D4982C5FD6060072C4E4 /* UpdateProfileProViewController.swift */,
				3438E90C2C60A5C4005BFC03 /* UpdateProfessionalProfile.swift */,
			);
			path = Profile;
			sourceTree = "<group>";
		};
		3460D6F52C9D34E30076C4C2 /* Notification */ = {
			isa = PBXGroup;
			children = (
				34DEF48C2C5E040700F395A8 /* NotificationViewController.swift */,
			);
			path = Notification;
			sourceTree = "<group>";
		};
		3460D6F62C9D35120076C4C2 /* Product */ = {
			isa = PBXGroup;
			children = (
				34C80D732C75B0C200FE9E02 /* ProProductListVc.swift */,
				345001FA2C776DF2001A2A0D /* ProGetProductAPI.swift */,
				34C80D752C75B0EC00FE9E02 /* ProAddProductVc.swift */,
				34DA67AB2C7C3437002C0EE9 /* ProductCategoryViewController.swift */,
			);
			path = Product;
			sourceTree = "<group>";
		};
		3460D6F72C9D35300076C4C2 /* Service */ = {
			isa = PBXGroup;
			children = (
				34BB81842C622D630090581C /* MyServiceViewController.swift */,
				34BB81862C6230770090581C /* MyServiceAPI.swift */,
			);
			path = Service;
			sourceTree = "<group>";
		};
		3460D6F82C9D35470076C4C2 /* Specialities */ = {
			isa = PBXGroup;
			children = (
				34D372452C4E3E1C000DC680 /* SpecialitiesViewController.swift */,
			);
			path = Specialities;
			sourceTree = "<group>";
		};
		34CE924D2C40E8E40007E086 /* Font */ = {
			isa = PBXGroup;
			children = (
				34CE924E2C40E8E40007E086 /* Poppins-Medium.ttf */,
				34CE924F2C40E8E40007E086 /* Poppins-Regular.ttf */,
				34CE92502C40E8E40007E086 /* Poppins-SemiBold.ttf */,
				34CE92512C40E8E40007E086 /* Poppins-Italic.ttf */,
			);
			path = Font;
			sourceTree = "<group>";
		};
		34CE92562C40EAE60007E086 /* Designables */ = {
			isa = PBXGroup;
			children = (
				34CE92572C40EAE60007E086 /* UIViewXRadialGradient.swift */,
				34CE92582C40EAE60007E086 /* BaseViewController.swift */,
				34CE92592C40EAE60007E086 /* UITextFieldX.swift */,
				34CE925A2C40EAE60007E086 /* UIButtonX.swift */,
				34CE925B2C40EAE60007E086 /* UILabelX.swift */,
				34CE925C2C40EAE60007E086 /* UIViewAnchorPoint.swift */,
				34CE925D2C40EAE60007E086 /* UIViewControllerX.swift */,
				34CE925E2C40EAE60007E086 /* UIImageViewX.swift */,
				34CE925F2C40EAE60007E086 /* UIViewX.swift */,
				34CE92602C40EAE60007E086 /* Utility.swift */,
				34CE92612C40EAE60007E086 /* ExtensionStoryboard.swift */,
				34CE92622C40EAE60007E086 /* GradientView.swift */,
			);
			name = Designables;
			path = GentlemanSpa/Designables;
			sourceTree = SOURCE_ROOT;
		};
		34D338142C5A7A8E003C6B13 /* CalendarView */ = {
			isa = PBXGroup;
			children = (
				34D338152C5A7A8E003C6B13 /* CalendarFlowLayout.swift */,
				34D338162C5A7A8E003C6B13 /* CalendarHeaderView.swift */,
				34D338172C5A7A8E003C6B13 /* CalendarView+Extensions.swift */,
				34D338182C5A7A8E003C6B13 /* CalendarDayCell.swift */,
				34D338192C5A7A8E003C6B13 /* CalendarView+Style.swift */,
				34D3381A2C5A7A8E003C6B13 /* CalendarView+Delegate.swift */,
				34D3381B2C5A7A8E003C6B13 /* EventsManager.swift */,
				34D3381C2C5A7A8E003C6B13 /* CalendarView+DataSource.swift */,
				34D3381D2C5A7A8E003C6B13 /* CalendarView.swift */,
			);
			path = CalendarView;
			sourceTree = "<group>";
		};
		34DEF4832C5DFF8100F395A8 /* Professional */ = {
			isa = PBXGroup;
			children = (
				3460D6F12C9D345A0076C4C2 /* TabMenu */,
				3460D6F22C9D34790076C4C2 /* Home */,
				3460D6F32C9D34940076C4C2 /* Schedule */,
				3460D6F42C9D34D00076C4C2 /* Profile */,
				3460D6F52C9D34E30076C4C2 /* Notification */,
				3460D6F82C9D35470076C4C2 /* Specialities */,
				3460D6F72C9D35300076C4C2 /* Service */,
				3460D6F62C9D35120076C4C2 /* Product */,
			);
			path = Professional;
			sourceTree = "<group>";
		};
		5E3C134D18FA7C03A86D40B7 /* Pods */ = {
			isa = PBXGroup;
			children = (
				9E79363AEB49DEDA44C9DB91 /* Pods-GentlemanSpa.debug.xcconfig */,
				82BB3254C83F9FE6C9DB772B /* Pods-GentlemanSpa.release.xcconfig */,
			);
			path = Pods;
			sourceTree = "<group>";
		};
		BAFEA9B80B933F716A0812AF /* Frameworks */ = {
			isa = PBXGroup;
			children = (
				5A789DEF5BEC1FF7F72085A5 /* Pods_GentlemanSpa.framework */,
			);
			name = Frameworks;
			sourceTree = "<group>";
		};
/* End PBXGroup section */

/* Begin PBXNativeTarget section */
		3404F3032C3F936D00FF0F41 /* GentlemanSpa */ = {
			isa = PBXNativeTarget;
			buildConfigurationList = 3404F3182C3F936E00FF0F41 /* Build configuration list for PBXNativeTarget "GentlemanSpa" */;
			buildPhases = (
				C9AE796E0FC4CCEEFD592480 /* [CP] Check Pods Manifest.lock */,
				3404F3002C3F936D00FF0F41 /* Sources */,
				3404F3012C3F936D00FF0F41 /* Frameworks */,
				3404F3022C3F936D00FF0F41 /* Resources */,
				F1A17DF6FE053D22D6A38627 /* [CP] Embed Pods Frameworks */,
				1083E15980154C8CC9EBFDD8 /* [CP] Copy Pods Resources */,
			);
			buildRules = (
			);
			dependencies = (
			);
			name = GentlemanSpa;
			productName = GentlemanSpa;
			productReference = 3404F3042C3F936D00FF0F41 /* GentlemanSpa.app */;
			productType = "com.apple.product-type.application";
		};
/* End PBXNativeTarget section */

/* Begin PBXProject section */
		3404F2FC2C3F936D00FF0F41 /* Project object */ = {
			isa = PBXProject;
			attributes = {
				BuildIndependentTargetsInParallel = 1;
				LastSwiftUpdateCheck = 1540;
				LastUpgradeCheck = 1540;
				TargetAttributes = {
					3404F3032C3F936D00FF0F41 = {
						CreatedOnToolsVersion = 15.4;
					};
				};
			};
			buildConfigurationList = 3404F2FF2C3F936D00FF0F41 /* Build configuration list for PBXProject "GentlemanSpa" */;
			compatibilityVersion = "Xcode 15.3";
			developmentRegion = en;
			hasScannedForEncodings = 0;
			knownRegions = (
				en,
				Base,
			);
			mainGroup = 3404F2FB2C3F936D00FF0F41;
			productRefGroup = 3404F3052C3F936D00FF0F41 /* Products */;
			projectDirPath = "";
			projectRoot = "";
			targets = (
				3404F3032C3F936D00FF0F41 /* GentlemanSpa */,
			);
		};
/* End PBXProject section */

/* Begin PBXResourcesBuildPhase section */
		3404F3022C3F936D00FF0F41 /* Resources */ = {
			isa = PBXResourcesBuildPhase;
			buildActionMask = 2147483647;
			files = (
				34DEF4822C5DFF3C00F395A8 /* Professional.storyboard in Resources */,
				3404F3112C3F936E00FF0F41 /* Assets.xcassets in Resources */,
				34CE92522C40E8E40007E086 /* Poppins-Medium.ttf in Resources */,
				34CE92552C40E8E40007E086 /* Poppins-Italic.ttf in Resources */,
				344B96572CABDC950022F502 /* Services.storyboard in Resources */,
				3404F3142C3F936E00FF0F41 /* Base in Resources */,
				34CE92542C40E8E40007E086 /* Poppins-SemiBold.ttf in Resources */,
				34186AB72CB39FF900717E47 /* Address.storyboard in Resources */,
				34B4CD982C48D5D1006B9F1F /* User.storyboard in Resources */,
				3404F30F2C3F936D00FF0F41 /* Base in Resources */,
				34CE92532C40E8E40007E086 /* Poppins-Regular.ttf in Resources */,
				344E0C6C2CA12A0000D32AB6 /* UserProduct.storyboard in Resources */,
			);
			runOnlyForDeploymentPostprocessing = 0;
		};
/* End PBXResourcesBuildPhase section */

/* Begin PBXShellScriptBuildPhase section */
		1083E15980154C8CC9EBFDD8 /* [CP] Copy Pods Resources */ = {
			isa = PBXShellScriptBuildPhase;
			buildActionMask = 2147483647;
			files = (
			);
			inputFileListPaths = (
				"${PODS_ROOT}/Target Support Files/Pods-GentlemanSpa/Pods-GentlemanSpa-resources-${CONFIGURATION}-input-files.xcfilelist",
			);
			name = "[CP] Copy Pods Resources";
			outputFileListPaths = (
				"${PODS_ROOT}/Target Support Files/Pods-GentlemanSpa/Pods-GentlemanSpa-resources-${CONFIGURATION}-output-files.xcfilelist",
			);
			runOnlyForDeploymentPostprocessing = 0;
			shellPath = /bin/sh;
			shellScript = "\"${PODS_ROOT}/Target Support Files/Pods-GentlemanSpa/Pods-GentlemanSpa-resources.sh\"\n";
			showEnvVarsInLog = 0;
		};
		C9AE796E0FC4CCEEFD592480 /* [CP] Check Pods Manifest.lock */ = {
			isa = PBXShellScriptBuildPhase;
			buildActionMask = 2147483647;
			files = (
			);
			inputFileListPaths = (
			);
			inputPaths = (
				"${PODS_PODFILE_DIR_PATH}/Podfile.lock",
				"${PODS_ROOT}/Manifest.lock",
			);
			name = "[CP] Check Pods Manifest.lock";
			outputFileListPaths = (
			);
			outputPaths = (
				"$(DERIVED_FILE_DIR)/Pods-GentlemanSpa-checkManifestLockResult.txt",
			);
			runOnlyForDeploymentPostprocessing = 0;
			shellPath = /bin/sh;
			shellScript = "diff \"${PODS_PODFILE_DIR_PATH}/Podfile.lock\" \"${PODS_ROOT}/Manifest.lock\" > /dev/null\nif [ $? != 0 ] ; then\n    # print error to STDERR\n    echo \"error: The sandbox is not in sync with the Podfile.lock. Run 'pod install' or update your CocoaPods installation.\" >&2\n    exit 1\nfi\n# This output is used by Xcode 'outputs' to avoid re-running this script phase.\necho \"SUCCESS\" > \"${SCRIPT_OUTPUT_FILE_0}\"\n";
			showEnvVarsInLog = 0;
		};
		F1A17DF6FE053D22D6A38627 /* [CP] Embed Pods Frameworks */ = {
			isa = PBXShellScriptBuildPhase;
			buildActionMask = 2147483647;
			files = (
			);
			inputFileListPaths = (
				"${PODS_ROOT}/Target Support Files/Pods-GentlemanSpa/Pods-GentlemanSpa-frameworks-${CONFIGURATION}-input-files.xcfilelist",
			);
			name = "[CP] Embed Pods Frameworks";
			outputFileListPaths = (
				"${PODS_ROOT}/Target Support Files/Pods-GentlemanSpa/Pods-GentlemanSpa-frameworks-${CONFIGURATION}-output-files.xcfilelist",
			);
			runOnlyForDeploymentPostprocessing = 0;
			shellPath = /bin/sh;
			shellScript = "\"${PODS_ROOT}/Target Support Files/Pods-GentlemanSpa/Pods-GentlemanSpa-frameworks.sh\"\n";
			showEnvVarsInLog = 0;
		};
/* End PBXShellScriptBuildPhase section */

/* Begin PBXSourcesBuildPhase section */
		3404F3002C3F936D00FF0F41 /* Sources */ = {
			isa = PBXSourcesBuildPhase;
			buildActionMask = 2147483647;
			files = (
				34CE92652C40EAE60007E086 /* UITextFieldX.swift in Sources */,
				34C5E7802C6A32D900C5BE0A /* ProductListViewController.swift in Sources */,
				34CE92722C410BBD0007E086 /* Constants.swift in Sources */,
				3498173F2C7C860100219379 /* ProductDetailsViewController.swift in Sources */,
				34B905612C984FC000E81DFC /* AddProductCartAPI.swift in Sources */,
				34C5E2EF2C5B7AFF00F97C0C /* MoreCollection.swift in Sources */,
				34CE92642C40EAE60007E086 /* BaseViewController.swift in Sources */,
				34D338242C5A7A8E003C6B13 /* EventsManager.swift in Sources */,
				34D338262C5A7A8E003C6B13 /* CalendarView.swift in Sources */,
				34D338112C5A7142003C6B13 /* ServicesViewController.swift in Sources */,
				34C093EC2C9AA380001BBB40 /* ProfessionalServicesVc.swift in Sources */,
				34D338202C5A7A8E003C6B13 /* CalendarView+Extensions.swift in Sources */,
				34CE926E2C40EAE60007E086 /* GradientView.swift in Sources */,
				3438E90B2C609DE4005BFC03 /* CreateSchedule.swift in Sources */,
				34F559BB2C5A569B0017F732 /* CategoryHomeTvCell.swift in Sources */,
				34C5A6BF2C5CD153007A79FD /* ServiceDetailImageCollection.swift in Sources */,
				34498CF32C463F1C00F541DB /* VerifiyController.swift in Sources */,
				34BB81852C622D630090581C /* MyServiceViewController.swift in Sources */,
				34DEF48D2C5E040700F395A8 /* NotificationViewController.swift in Sources */,
				34D338222C5A7A8E003C6B13 /* CalendarView+Style.swift in Sources */,
				3404F30C2C3F936D00FF0F41 /* ViewController.swift in Sources */,
				344E0C702CA1341500D32AB6 /* MyOrderVc.swift in Sources */,
				3460D6FC2C9D43800076C4C2 /* MyCartCell.swift in Sources */,
				34CE92682C40EAE60007E086 /* UIViewAnchorPoint.swift in Sources */,
				34CE92662C40EAE60007E086 /* UIButtonX.swift in Sources */,
				34D404452C4F66550063AEF7 /* HomeUTableView.swift in Sources */,
				34B4CD942C48D596006B9F1F /* HistoryUserViewController.swift in Sources */,
				34B6D7B12C44FAD30008FC81 /* SetPasswordRequest.swift in Sources */,
				34DEF4872C5E03C400F395A8 /* HomeViewController.swift in Sources */,
				34D338212C5A7A8E003C6B13 /* CalendarDayCell.swift in Sources */,
				34C5E2F32C5BA9A200F97C0C /* ServiceDetailViewController.swift in Sources */,
				3408D4992C5FD6060072C4E4 /* UpdateProfileProViewController.swift in Sources */,
				34CE92702C41097C0007E086 /* SetPasswordVc.swift in Sources */,
				344B96552CABD53F0022F502 /* SelectProTableViewCell.swift in Sources */,
				34186AC62CB3A58300717E47 /* GoogleApiHelper+Nearby.swift in Sources */,
				34186AC72CB3A58300717E47 /* NearByEnum.swift in Sources */,
				34186AC82CB3A58300717E47 /* GoogleApiHelper.swift in Sources */,
				34C5E2F12C5B97F700F97C0C /* GetServiceListRequest.swift in Sources */,
				3438E90D2C60A5C4005BFC03 /* UpdateProfessionalProfile.swift in Sources */,
				34BE6DC12C622365000C4283 /* MenuProController.swift in Sources */,
				343813C22C69E420003B4B30 /* HomeCell.swift in Sources */,
				3460D7002C9D9B3F0076C4C2 /* UserNotificationViewController.swift in Sources */,
				344B96532CABD2830022F502 /* SelectProfessionalVc.swift in Sources */,
				34498CF12C463DB900F541DB /* CreateAccountController.swift in Sources */,
				34CE926B2C40EAE60007E086 /* UIViewX.swift in Sources */,
				341748302C58F9610015AF5E /* SpaLocationVc.swift in Sources */,
				34D3382A2C5A7D2F003C6B13 /* BookingDaysViewController.swift in Sources */,
				34ADB3112CB6419600523217 /* GetOrderListRequest.swift in Sources */,
				34B6D7AF2C44E7680008FC81 /* AlamofireRequest.swift in Sources */,
				34B6D7AD2C44E7080008FC81 /* LoginRequest.swift in Sources */,
				34B4CD902C48D512006B9F1F /* HomeUserViewController.swift in Sources */,
				34186ABD2CB3A16E00717E47 /* MyLocationVc.swift in Sources */,
				34C093EA2C9A9534001BBB40 /* GetProfessional.swift in Sources */,
				34D372462C4E3E1C000DC680 /* SpecialitiesViewController.swift in Sources */,
				34186ACA2CB3A61900717E47 /* EditAddressVc.swift in Sources */,
				343813C02C69D928003B4B30 /* ProductCategories.swift in Sources */,
				34186AC12CB3A52100717E47 /* MapsViewController.swift in Sources */,
				34D404492C4F6C2D0063AEF7 /* HomeBannerModel.swift in Sources */,
				34D338232C5A7A8E003C6B13 /* CalendarView+Delegate.swift in Sources */,
				34D338252C5A7A8E003C6B13 /* CalendarView+DataSource.swift in Sources */,
				34D338282C5A7AE1003C6B13 /* BookingDoctorViewController.swift in Sources */,
				345001FB2C776DF2001A2A0D /* ProGetProductAPI.swift in Sources */,
				34D372442C4E1CE6000DC680 /* UpdateProfileUserViewController.swift in Sources */,
				34186ABF2CB3A25200717E47 /* LocationApiRequest.swift in Sources */,
				34F559B92C5A52250017F732 /* HomeList.swift in Sources */,
				34D3381E2C5A7A8E003C6B13 /* CalendarFlowLayout.swift in Sources */,
				34D338132C5A718D003C6B13 /* FindPViewController.swift in Sources */,
				34CE92692C40EAE60007E086 /* UIViewControllerX.swift in Sources */,
				34B4CD922C48D571006B9F1F /* CartUserViewController.swift in Sources */,
				34DEF48B2C5E03F400F395A8 /* ProfileViewController.swift in Sources */,
				34D3382C2C5A9C85003C6B13 /* ProductCell.swift in Sources */,
				34B4CD962C48D5AE006B9F1F /* ProfileUserViewController.swift in Sources */,
				34DA67AC2C7C3437002C0EE9 /* ProductCategoryViewController.swift in Sources */,
				34B4CD9A2C48D855006B9F1F /* MenuUserController.swift in Sources */,
				34CE926C2C40EAE60007E086 /* Utility.swift in Sources */,
				34B4CD8E2C48D4C8006B9F1F /* TabBarUserVc.swift in Sources */,
				34BB81872C6230770090581C /* MyServiceAPI.swift in Sources */,
				34DEF4852C5DFFCB00F395A8 /* TabBarProVc.swift in Sources */,
				34CE926D2C40EAE60007E086 /* ExtensionStoryboard.swift in Sources */,
				34DEF4892C5E03E100F395A8 /* AppointmentsViewController.swift in Sources */,
				34D3381F2C5A7A8E003C6B13 /* CalendarHeaderView.swift in Sources */,
				344B965B2CABF93C0022F502 /* AvailableDatesRequest.swift in Sources */,
				34C80D742C75B0C200FE9E02 /* ProProductListVc.swift in Sources */,
				34D404472C4F67200063AEF7 /* HomeBannerTvCell.swift in Sources */,
				34C80D762C75B0EC00FE9E02 /* ProAddProductVc.swift in Sources */,
				3404F3082C3F936D00FF0F41 /* AppDelegate.swift in Sources */,
				34CE92632C40EAE60007E086 /* UIViewXRadialGradient.swift in Sources */,
				342BB9052CB53DA0009E069E /* BookAppointmentRequest.swift in Sources */,
				3404F30A2C3F936D00FF0F41 /* SceneDelegate.swift in Sources */,
				34CE92672C40EAE60007E086 /* UILabelX.swift in Sources */,
				34CE926A2C40EAE60007E086 /* UIImageViewX.swift in Sources */,
				34ADB3132CB66E9600523217 /* AlertViewController.swift in Sources */,
				344B96592CABEF9D0022F502 /* SelectProfessionalListVc.swift in Sources */,
				34BAC59D2C60B4670033D970 /* CreateTimeSlotsController.swift in Sources */,
			);
			runOnlyForDeploymentPostprocessing = 0;
		};
/* End PBXSourcesBuildPhase section */

/* Begin PBXVariantGroup section */
		3404F30D2C3F936D00FF0F41 /* Main.storyboard */ = {
			isa = PBXVariantGroup;
			children = (
				3404F30E2C3F936D00FF0F41 /* Base */,
			);
			name = Main.storyboard;
			sourceTree = "<group>";
		};
		3404F3122C3F936E00FF0F41 /* LaunchScreen.storyboard */ = {
			isa = PBXVariantGroup;
			children = (
				3404F3132C3F936E00FF0F41 /* Base */,
			);
			name = LaunchScreen.storyboard;
			sourceTree = "<group>";
		};
/* End PBXVariantGroup section */

/* Begin XCBuildConfiguration section */
		3404F3162C3F936E00FF0F41 /* Debug */ = {
			isa = XCBuildConfiguration;
			buildSettings = {
				ALWAYS_SEARCH_USER_PATHS = NO;
				ASSETCATALOG_COMPILER_GENERATE_SWIFT_ASSET_SYMBOL_EXTENSIONS = YES;
				CLANG_ANALYZER_NONNULL = YES;
				CLANG_ANALYZER_NUMBER_OBJECT_CONVERSION = YES_AGGRESSIVE;
				CLANG_CXX_LANGUAGE_STANDARD = "gnu++20";
				CLANG_ENABLE_MODULES = YES;
				CLANG_ENABLE_OBJC_ARC = YES;
				CLANG_ENABLE_OBJC_WEAK = YES;
				CLANG_WARN_BLOCK_CAPTURE_AUTORELEASING = YES;
				CLANG_WARN_BOOL_CONVERSION = YES;
				CLANG_WARN_COMMA = YES;
				CLANG_WARN_CONSTANT_CONVERSION = YES;
				CLANG_WARN_DEPRECATED_OBJC_IMPLEMENTATIONS = YES;
				CLANG_WARN_DIRECT_OBJC_ISA_USAGE = YES_ERROR;
				CLANG_WARN_DOCUMENTATION_COMMENTS = YES;
				CLANG_WARN_EMPTY_BODY = YES;
				CLANG_WARN_ENUM_CONVERSION = YES;
				CLANG_WARN_INFINITE_RECURSION = YES;
				CLANG_WARN_INT_CONVERSION = YES;
				CLANG_WARN_NON_LITERAL_NULL_CONVERSION = YES;
				CLANG_WARN_OBJC_IMPLICIT_RETAIN_SELF = YES;
				CLANG_WARN_OBJC_LITERAL_CONVERSION = YES;
				CLANG_WARN_OBJC_ROOT_CLASS = YES_ERROR;
				CLANG_WARN_QUOTED_INCLUDE_IN_FRAMEWORK_HEADER = YES;
				CLANG_WARN_RANGE_LOOP_ANALYSIS = YES;
				CLANG_WARN_STRICT_PROTOTYPES = YES;
				CLANG_WARN_SUSPICIOUS_MOVE = YES;
				CLANG_WARN_UNGUARDED_AVAILABILITY = YES_AGGRESSIVE;
				CLANG_WARN_UNREACHABLE_CODE = YES;
				CLANG_WARN__DUPLICATE_METHOD_MATCH = YES;
				COPY_PHASE_STRIP = NO;
				DEBUG_INFORMATION_FORMAT = dwarf;
				ENABLE_STRICT_OBJC_MSGSEND = YES;
				ENABLE_TESTABILITY = YES;
				ENABLE_USER_SCRIPT_SANDBOXING = NO;
				GCC_C_LANGUAGE_STANDARD = gnu17;
				GCC_DYNAMIC_NO_PIC = NO;
				GCC_NO_COMMON_BLOCKS = YES;
				GCC_OPTIMIZATION_LEVEL = 0;
				GCC_PREPROCESSOR_DEFINITIONS = (
					"DEBUG=1",
					"$(inherited)",
				);
				GCC_WARN_64_TO_32_BIT_CONVERSION = YES;
				GCC_WARN_ABOUT_RETURN_TYPE = YES_ERROR;
				GCC_WARN_UNDECLARED_SELECTOR = YES;
				GCC_WARN_UNINITIALIZED_AUTOS = YES_AGGRESSIVE;
				GCC_WARN_UNUSED_FUNCTION = YES;
				GCC_WARN_UNUSED_VARIABLE = YES;
				IPHONEOS_DEPLOYMENT_TARGET = 17.5;
				LOCALIZATION_PREFERS_STRING_CATALOGS = YES;
				MTL_ENABLE_DEBUG_INFO = INCLUDE_SOURCE;
				MTL_FAST_MATH = YES;
				ONLY_ACTIVE_ARCH = YES;
				SDKROOT = iphoneos;
				SWIFT_ACTIVE_COMPILATION_CONDITIONS = "DEBUG $(inherited)";
				SWIFT_OPTIMIZATION_LEVEL = "-Onone";
			};
			name = Debug;
		};
		3404F3172C3F936E00FF0F41 /* Release */ = {
			isa = XCBuildConfiguration;
			buildSettings = {
				ALWAYS_SEARCH_USER_PATHS = NO;
				ASSETCATALOG_COMPILER_GENERATE_SWIFT_ASSET_SYMBOL_EXTENSIONS = YES;
				CLANG_ANALYZER_NONNULL = YES;
				CLANG_ANALYZER_NUMBER_OBJECT_CONVERSION = YES_AGGRESSIVE;
				CLANG_CXX_LANGUAGE_STANDARD = "gnu++20";
				CLANG_ENABLE_MODULES = YES;
				CLANG_ENABLE_OBJC_ARC = YES;
				CLANG_ENABLE_OBJC_WEAK = YES;
				CLANG_WARN_BLOCK_CAPTURE_AUTORELEASING = YES;
				CLANG_WARN_BOOL_CONVERSION = YES;
				CLANG_WARN_COMMA = YES;
				CLANG_WARN_CONSTANT_CONVERSION = YES;
				CLANG_WARN_DEPRECATED_OBJC_IMPLEMENTATIONS = YES;
				CLANG_WARN_DIRECT_OBJC_ISA_USAGE = YES_ERROR;
				CLANG_WARN_DOCUMENTATION_COMMENTS = YES;
				CLANG_WARN_EMPTY_BODY = YES;
				CLANG_WARN_ENUM_CONVERSION = YES;
				CLANG_WARN_INFINITE_RECURSION = YES;
				CLANG_WARN_INT_CONVERSION = YES;
				CLANG_WARN_NON_LITERAL_NULL_CONVERSION = YES;
				CLANG_WARN_OBJC_IMPLICIT_RETAIN_SELF = YES;
				CLANG_WARN_OBJC_LITERAL_CONVERSION = YES;
				CLANG_WARN_OBJC_ROOT_CLASS = YES_ERROR;
				CLANG_WARN_QUOTED_INCLUDE_IN_FRAMEWORK_HEADER = YES;
				CLANG_WARN_RANGE_LOOP_ANALYSIS = YES;
				CLANG_WARN_STRICT_PROTOTYPES = YES;
				CLANG_WARN_SUSPICIOUS_MOVE = YES;
				CLANG_WARN_UNGUARDED_AVAILABILITY = YES_AGGRESSIVE;
				CLANG_WARN_UNREACHABLE_CODE = YES;
				CLANG_WARN__DUPLICATE_METHOD_MATCH = YES;
				COPY_PHASE_STRIP = NO;
				DEBUG_INFORMATION_FORMAT = "dwarf-with-dsym";
				ENABLE_NS_ASSERTIONS = NO;
				ENABLE_STRICT_OBJC_MSGSEND = YES;
				ENABLE_USER_SCRIPT_SANDBOXING = NO;
				GCC_C_LANGUAGE_STANDARD = gnu17;
				GCC_NO_COMMON_BLOCKS = YES;
				GCC_WARN_64_TO_32_BIT_CONVERSION = YES;
				GCC_WARN_ABOUT_RETURN_TYPE = YES_ERROR;
				GCC_WARN_UNDECLARED_SELECTOR = YES;
				GCC_WARN_UNINITIALIZED_AUTOS = YES_AGGRESSIVE;
				GCC_WARN_UNUSED_FUNCTION = YES;
				GCC_WARN_UNUSED_VARIABLE = YES;
				IPHONEOS_DEPLOYMENT_TARGET = 17.5;
				LOCALIZATION_PREFERS_STRING_CATALOGS = YES;
				MTL_ENABLE_DEBUG_INFO = NO;
				MTL_FAST_MATH = YES;
				SDKROOT = iphoneos;
				SWIFT_COMPILATION_MODE = wholemodule;
				VALIDATE_PRODUCT = YES;
			};
			name = Release;
		};
		3404F3192C3F936E00FF0F41 /* Debug */ = {
			isa = XCBuildConfiguration;
			baseConfigurationReference = 9E79363AEB49DEDA44C9DB91 /* Pods-GentlemanSpa.debug.xcconfig */;
			buildSettings = {
				ASSETCATALOG_COMPILER_APPICON_NAME = AppIcon;
				ASSETCATALOG_COMPILER_GLOBAL_ACCENT_COLOR_NAME = AccentColor;
				"CODE_SIGN_IDENTITY[sdk=iphoneos*]" = "iPhone Distribution";
				CODE_SIGN_STYLE = Manual;
				CURRENT_PROJECT_VERSION = 5;
				DEVELOPMENT_TEAM = "";
				"DEVELOPMENT_TEAM[sdk=iphoneos*]" = U4CMW5Y2G6;
				GENERATE_INFOPLIST_FILE = YES;
				INFOPLIST_FILE = GentlemanSpa/Info.plist;
				INFOPLIST_KEY_CFBundleDisplayName = "Gentleman Spa";
				INFOPLIST_KEY_LSApplicationCategoryType = "public.app-category.lifestyle";
				INFOPLIST_KEY_NSCameraUsageDescription = "This app use camera take your photo for profile image";
				INFOPLIST_KEY_NSLocationAlwaysAndWhenInUseUsageDescription = "By accessing your location, this app can find you a good place to eat.";
				INFOPLIST_KEY_NSLocationWhenInUseUsageDescription = "By accessing your location, this app can find you a good place to eat.";
				INFOPLIST_KEY_NSPhotoLibraryAddUsageDescription = "Privacy - Photo Library Additions Usage Description";
				INFOPLIST_KEY_UIApplicationSupportsIndirectInputEvents = YES;
				INFOPLIST_KEY_UILaunchStoryboardName = LaunchScreen;
				INFOPLIST_KEY_UIMainStoryboardFile = Main;
				INFOPLIST_KEY_UIRequiresFullScreen = YES;
				INFOPLIST_KEY_UISupportedInterfaceOrientations = UIInterfaceOrientationPortrait;
				IPHONEOS_DEPLOYMENT_TARGET = 17;
				LD_RUNPATH_SEARCH_PATHS = (
					"$(inherited)",
					"@executable_path/Frameworks",
				);
				MARKETING_VERSION = 1.0;
				PRODUCT_BUNDLE_IDENTIFIER = com.GentlemanSpa.app;
				PRODUCT_NAME = "$(TARGET_NAME)";
				PROVISIONING_PROFILE_SPECIFIER = "";
				"PROVISIONING_PROFILE_SPECIFIER[sdk=iphoneos*]" = TheGentlemen;
				SUPPORTED_PLATFORMS = "iphoneos iphonesimulator";
				SUPPORTS_MACCATALYST = NO;
				SWIFT_EMIT_LOC_STRINGS = YES;
				SWIFT_VERSION = 5.0;
				TARGETED_DEVICE_FAMILY = 1;
			};
			name = Debug;
		};
		3404F31A2C3F936E00FF0F41 /* Release */ = {
			isa = XCBuildConfiguration;
			baseConfigurationReference = 82BB3254C83F9FE6C9DB772B /* Pods-GentlemanSpa.release.xcconfig */;
			buildSettings = {
				ASSETCATALOG_COMPILER_APPICON_NAME = AppIcon;
				ASSETCATALOG_COMPILER_GLOBAL_ACCENT_COLOR_NAME = AccentColor;
				"CODE_SIGN_IDENTITY[sdk=iphoneos*]" = "iPhone Distribution";
				CODE_SIGN_STYLE = Manual;
				CURRENT_PROJECT_VERSION = 5;
				DEVELOPMENT_TEAM = "";
				"DEVELOPMENT_TEAM[sdk=iphoneos*]" = U4CMW5Y2G6;
				GENERATE_INFOPLIST_FILE = YES;
				INFOPLIST_FILE = GentlemanSpa/Info.plist;
				INFOPLIST_KEY_CFBundleDisplayName = "Gentleman Spa";
				INFOPLIST_KEY_LSApplicationCategoryType = "public.app-category.lifestyle";
				INFOPLIST_KEY_NSCameraUsageDescription = "This app use camera take your photo for profile image";
				INFOPLIST_KEY_NSLocationAlwaysAndWhenInUseUsageDescription = "By accessing your location, this app can find you a good place to eat.";
				INFOPLIST_KEY_NSLocationWhenInUseUsageDescription = "By accessing your location, this app can find you a good place to eat.";
				INFOPLIST_KEY_NSPhotoLibraryAddUsageDescription = "Privacy - Photo Library Additions Usage Description";
				INFOPLIST_KEY_UIApplicationSupportsIndirectInputEvents = YES;
				INFOPLIST_KEY_UILaunchStoryboardName = LaunchScreen;
				INFOPLIST_KEY_UIMainStoryboardFile = Main;
				INFOPLIST_KEY_UIRequiresFullScreen = YES;
				INFOPLIST_KEY_UISupportedInterfaceOrientations = UIInterfaceOrientationPortrait;
				IPHONEOS_DEPLOYMENT_TARGET = 17;
				LD_RUNPATH_SEARCH_PATHS = (
					"$(inherited)",
					"@executable_path/Frameworks",
				);
				MARKETING_VERSION = 1.0;
				PRODUCT_BUNDLE_IDENTIFIER = com.GentlemanSpa.app;
				PRODUCT_NAME = "$(TARGET_NAME)";
				PROVISIONING_PROFILE_SPECIFIER = "";
				"PROVISIONING_PROFILE_SPECIFIER[sdk=iphoneos*]" = TheGentlemen;
				SUPPORTED_PLATFORMS = "iphoneos iphonesimulator";
				SUPPORTS_MACCATALYST = NO;
				SWIFT_EMIT_LOC_STRINGS = YES;
				SWIFT_VERSION = 5.0;
				TARGETED_DEVICE_FAMILY = 1;
			};
			name = Release;
		};
/* End XCBuildConfiguration section */

/* Begin XCConfigurationList section */
		3404F2FF2C3F936D00FF0F41 /* Build configuration list for PBXProject "GentlemanSpa" */ = {
			isa = XCConfigurationList;
			buildConfigurations = (
				3404F3162C3F936E00FF0F41 /* Debug */,
				3404F3172C3F936E00FF0F41 /* Release */,
			);
			defaultConfigurationIsVisible = 0;
			defaultConfigurationName = Release;
		};
		3404F3182C3F936E00FF0F41 /* Build configuration list for PBXNativeTarget "GentlemanSpa" */ = {
			isa = XCConfigurationList;
			buildConfigurations = (
				3404F3192C3F936E00FF0F41 /* Debug */,
				3404F31A2C3F936E00FF0F41 /* Release */,
			);
			defaultConfigurationIsVisible = 0;
			defaultConfigurationName = Release;
		};
/* End XCConfigurationList section */
	};
	rootObject = 3404F2FC2C3F936D00FF0F41 /* Project object */;
}
